
Microsoft Visual Studio Solution File, Format Version 12.00
Project("{2150E333-8FDC-42A3-9474-1A3956D46DE8}") = "Core", "Core", "{95F75DA2-5E94-4827-871F-7DC72A582184}"
EndProject
Project("{2150E333-8FDC-42A3-9474-1A3956D46DE8}") = "Infrastructure", "Infrastructure", "{75E8B695-F603-43FA-A6C0-CD80D59581B9}"
EndProject
Project("{2150E333-8FDC-42A3-9474-1A3956D46DE8}") = "Presentation", "Presentation", "{838FCC3C-F972-468B-8E4A-DE9B4D2F18BA}"
EndProject
Project("{FAE04EC0-301F-11D3-BF4B-00C04F79EFBC}") = "Domain", "Domain\Domain.csproj", "{0237418F-CABA-467C-B070-3EE67B319428}"
EndProject
Project("{FAE04EC0-301F-11D3-BF4B-00C04F79EFBC}") = "Application", "Application\Application.csproj", "{D60B1367-E8B7-482A-9ECE-D4B249E92401}"
EndProject
Project("{FAE04EC0-301F-11D3-BF4B-00C04F79EFBC}") = "Persistence", "Persistence\Persistence.csproj", "{EE704998-7A62-4462-960A-E5E39E04B051}"
EndProject
Project("{FAE04EC0-301F-11D3-BF4B-00C04F79EFBC}") = "API", "API\API.csproj", "{2576CE16-9B60-4BD5-9FF5-8078ABA2BE41}"
EndProject
Global
	GlobalSection(SolutionConfigurationPlatforms) = preSolution
		Debug|Any CPU = Debug|Any CPU
		Release|Any CPU = Release|Any CPU
	EndGlobalSection
	GlobalSection(NestedProjects) = preSolution
		{0237418F-CABA-467C-B070-3EE67B319428} = {95F75DA2-5E94-4827-871F-7DC72A582184}
		{D60B1367-E8B7-482A-9ECE-D4B249E92401} = {95F75DA2-5E94-4827-871F-7DC72A582184}
		{EE704998-7A62-4462-960A-E5E39E04B051} = {75E8B695-F603-43FA-A6C0-CD80D59581B9}
		{2576CE16-9B60-4BD5-9FF5-8078ABA2BE41} = {838FCC3C-F972-468B-8E4A-DE9B4D2F18BA}
	EndGlobalSection
	GlobalSection(ProjectConfigurationPlatforms) = postSolution
		{0237418F-CABA-467C-B070-3EE67B319428}.Debug|Any CPU.ActiveCfg = Debug|Any CPU
		{0237418F-CABA-467C-B070-3EE67B319428}.Debug|Any CPU.Build.0 = Debug|Any CPU
		{0237418F-CABA-467C-B070-3EE67B319428}.Release|Any CPU.ActiveCfg = Release|Any CPU
		{0237418F-CABA-467C-B070-3EE67B319428}.Release|Any CPU.Build.0 = Release|Any CPU
		{D60B1367-E8B7-482A-9ECE-D4B249E92401}.Debug|Any CPU.ActiveCfg = Debug|Any CPU
		{D60B1367-E8B7-482A-9ECE-D4B249E92401}.Debug|Any CPU.Build.0 = Debug|Any CPU
		{D60B1367-E8B7-482A-9ECE-D4B249E92401}.Release|Any CPU.ActiveCfg = Release|Any CPU
		{D60B1367-E8B7-482A-9ECE-D4B249E92401}.Release|Any CPU.Build.0 = Release|Any CPU
		{EE704998-7A62-4462-960A-E5E39E04B051}.Debug|Any CPU.ActiveCfg = Debug|Any CPU
		{EE704998-7A62-4462-960A-E5E39E04B051}.Debug|Any CPU.Build.0 = Debug|Any CPU
		{EE704998-7A62-4462-960A-E5E39E04B051}.Release|Any CPU.ActiveCfg = Release|Any CPU
		{EE704998-7A62-4462-960A-E5E39E04B051}.Release|Any CPU.Build.0 = Release|Any CPU
		{2576CE16-9B60-4BD5-9FF5-8078ABA2BE41}.Debug|Any CPU.ActiveCfg = Debug|Any CPU
		{2576CE16-9B60-4BD5-9FF5-8078ABA2BE41}.Debug|Any CPU.Build.0 = Debug|Any CPU
		{2576CE16-9B60-4BD5-9FF5-8078ABA2BE41}.Release|Any CPU.ActiveCfg = Release|Any CPU
		{2576CE16-9B60-4BD5-9FF5-8078ABA2BE41}.Release|Any CPU.Build.0 = Release|Any CPU
	EndGlobalSection
EndGlobal
